
Microsoft Visual Studio Solution File, Format Version 12.00
# Visual Studio 15
VisualStudioVersion = 15.0.28307.106
MinimumVisualStudioVersion = 10.0.40219.1
Project("{FAE04EC0-301F-11D3-BF4B-00C04F79EFBC}") = "Axel", "Axel\Axel.csproj", "{57FEEA6F-CC56-4F91-AF06-7EF5DEF9D876}"
EndProject
Global
	GlobalSection(SolutionConfigurationPlatforms) = preSolution
		Debug|Any CPU = Debug|Any CPU
		Release|Any CPU = Release|Any CPU
	EndGlobalSection
	GlobalSection(ProjectConfigurationPlatforms) = postSolution
		{57FEEA6F-CC56-4F91-AF06-7EF5DEF9D876}.Debug|Any CPU.ActiveCfg = Debug|Any CPU
		{57FEEA6F-CC56-4F91-AF06-7EF5DEF9D876}.Debug|Any CPU.Build.0 = Debug|Any CPU
		{57FEEA6F-CC56-4F91-AF06-7EF5DEF9D876}.Release|Any CPU.ActiveCfg = Release|Any CPU
		{57FEEA6F-CC56-4F91-AF06-7EF5DEF9D876}.Release|Any CPU.Build.0 = Release|Any CPU
	EndGlobalSection
	GlobalSection(SolutionProperties) = preSolution
		HideSolutionNode = FALSE
	EndGlobalSection
	GlobalSection(ExtensibilityGlobals) = postSolution
		SolutionGuid = {4BC5B0E0-0F0A-4423-8DAA-2325F133F6C7}
	EndGlobalSection
EndGlobal
